Microsoft Visual Studio Solution File, Format Version 12.00
Project("{9A19103F-16F7-4668-BE54-9A1E7A4F7556}") = "Mochi.DearImGui", "vendor\Mochi.DearImGui\Mochi.DearImGui\Mochi.DearImGui.csproj", "{B24409AF-EABB-4E2B-873C-2A5295E5CE2E}"
EndProject
Project("{9A19103F-16F7-4668-BE54-9A1E7A4F7556}") = "Mochi.DearImGui.Generator", "vendor\Mochi.DearImGui\Mochi.DearImGui.Generator\Mochi.DearImGui.Generator.csproj", "{01CACD47-32B4-4F45-BB66-B625A3B7D2AC}"
EndProject
Project("{9A19103F-16F7-4668-BE54-9A1E7A4F7556}") = "Mochi.DearImGui.Native", "vendor\Mochi.DearImGui\Mochi.DearImGui.Native\Mochi.DearImGui.Native.csproj", "{A6FC0CA7-2619-4633-B263-23BC940CD18C}"
EndProject
Project("{9A19103F-16F7-4668-BE54-9A1E7A4F7556}") = "Mochi.DearImGui.Ref", "vendor\Mochi.DearImGui\Mochi.DearImGui.Ref\Mochi.DearImGui.Ref.csproj", "{580600E4-94DF-4F1D-8D2B-BF98B870C443}"
EndProject
Project("{2150E333-8FDC-42A3-9474-1A3956D46DE8}") = "MochiDearImGui", "MochiDearImGui", "{91E56E6C-3AEB-4847-9ED8-311F6887BF64}"
EndProject
Project("{2150E333-8FDC-42A3-9474-1A3956D46DE8}") = "src", "src", "{67BCBD34-2686-431D-8B7D-E9FA3B64C692}"
EndProject
Project("{2150E333-8FDC-42A3-9474-1A3956D46DE8}") = "examples", "examples", "{9AEEDBE8-6CDF-4FF5-B42E-DCEF871AA4F7}"
EndProject
Project("{FAE04EC0-301F-11D3-BF4B-00C04F79EFBC}") = "NervUI", "src\NervUI\NervUI.csproj", "{CEB68682-A864-48BE-9044-5B93586BCBAC}"
EndProject
Project("{FAE04EC0-301F-11D3-BF4B-00C04F79EFBC}") = "DemoWindow", "examples\DemoWindow\DemoWindow.csproj", "{38E3D1DA-C759-49E8-BAC0-C1C739B57D03}"
EndProject
Global
	GlobalSection(SolutionConfigurationPlatforms) = preSolution
		Debug|x64 = Debug|x64
		Release|x64 = Release|x64
	EndGlobalSection
	GlobalSection(NestedProjects) = preSolution
		{B24409AF-EABB-4E2B-873C-2A5295E5CE2E} = {91E56E6C-3AEB-4847-9ED8-311F6887BF64}
		{01CACD47-32B4-4F45-BB66-B625A3B7D2AC} = {91E56E6C-3AEB-4847-9ED8-311F6887BF64}
		{A6FC0CA7-2619-4633-B263-23BC940CD18C} = {91E56E6C-3AEB-4847-9ED8-311F6887BF64}
		{580600E4-94DF-4F1D-8D2B-BF98B870C443} = {91E56E6C-3AEB-4847-9ED8-311F6887BF64}
		{CEB68682-A864-48BE-9044-5B93586BCBAC} = {67BCBD34-2686-431D-8B7D-E9FA3B64C692}
		{38E3D1DA-C759-49E8-BAC0-C1C739B57D03} = {9AEEDBE8-6CDF-4FF5-B42E-DCEF871AA4F7}
	EndGlobalSection
	GlobalSection(ProjectConfigurationPlatforms) = postSolution
		{CEB68682-A864-48BE-9044-5B93586BCBAC}.Debug|x64.ActiveCfg = Debug|Any CPU
		{CEB68682-A864-48BE-9044-5B93586BCBAC}.Debug|x64.Build.0 = Debug|Any CPU
		{CEB68682-A864-48BE-9044-5B93586BCBAC}.Release|x64.ActiveCfg = Release|Any CPU
		{CEB68682-A864-48BE-9044-5B93586BCBAC}.Release|x64.Build.0 = Release|Any CPU
		{38E3D1DA-C759-49E8-BAC0-C1C739B57D03}.Debug|x64.ActiveCfg = Debug|Any CPU
		{38E3D1DA-C759-49E8-BAC0-C1C739B57D03}.Debug|x64.Build.0 = Debug|Any CPU
		{38E3D1DA-C759-49E8-BAC0-C1C739B57D03}.Release|x64.ActiveCfg = Release|Any CPU
		{38E3D1DA-C759-49E8-BAC0-C1C739B57D03}.Release|x64.Build.0 = Release|Any CPU
	EndGlobalSection
EndGlobal
